
Microsoft Visual Studio Solution File, Format Version 12.00
# Visual Studio 15
VisualStudioVersion = 15.0.28010.2019
MinimumVisualStudioVersion = 10.0.40219.1
Project("{FAE04EC0-301F-11D3-BF4B-00C04F79EFBC}") = "lab9", "lab9\lab9.csproj", "{B5267109-6CBE-4BB8-9D9C-0F1DA72592EA}"
EndProject
Global
	GlobalSection(SolutionConfigurationPlatforms) = preSolution
		Debug|Any CPU = Debug|Any CPU
		Release|Any CPU = Release|Any CPU
	EndGlobalSection
	GlobalSection(ProjectConfigurationPlatforms) = postSolution
		{B5267109-6CBE-4BB8-9D9C-0F1DA72592EA}.Debug|Any CPU.ActiveCfg = Debug|Any CPU
		{B5267109-6CBE-4BB8-9D9C-0F1DA72592EA}.Debug|Any CPU.Build.0 = Debug|Any CPU
		{B5267109-6CBE-4BB8-9D9C-0F1DA72592EA}.Release|Any CPU.ActiveCfg = Release|Any CPU
		{B5267109-6CBE-4BB8-9D9C-0F1DA72592EA}.Release|Any CPU.Build.0 = Release|Any CPU
	EndGlobalSection
	GlobalSection(SolutionProperties) = preSolution
		HideSolutionNode = FALSE
	EndGlobalSection
	GlobalSection(ExtensibilityGlobals) = postSolution
		SolutionGuid = {A894CFBE-BD17-4F99-A86A-36BE7E417CD8}
	EndGlobalSection
EndGlobal
