
Microsoft Visual Studio Solution File, Format Version 12.00
# Visual Studio 15
VisualStudioVersion = 15.0.28010.2019
MinimumVisualStudioVersion = 10.0.40219.1
Project("{FAE04EC0-301F-11D3-BF4B-00C04F79EFBC}") = "laba13", "laba13\laba13.csproj", "{D3DC94C0-2051-4902-87A7-1976F7110508}"
EndProject
Global
	GlobalSection(SolutionConfigurationPlatforms) = preSolution
		Debug|Any CPU = Debug|Any CPU
		Release|Any CPU = Release|Any CPU
	EndGlobalSection
	GlobalSection(ProjectConfigurationPlatforms) = postSolution
		{D3DC94C0-2051-4902-87A7-1976F7110508}.Debug|Any CPU.ActiveCfg = Debug|Any CPU
		{D3DC94C0-2051-4902-87A7-1976F7110508}.Debug|Any CPU.Build.0 = Debug|Any CPU
		{D3DC94C0-2051-4902-87A7-1976F7110508}.Release|Any CPU.ActiveCfg = Release|Any CPU
		{D3DC94C0-2051-4902-87A7-1976F7110508}.Release|Any CPU.Build.0 = Release|Any CPU
	EndGlobalSection
	GlobalSection(SolutionProperties) = preSolution
		HideSolutionNode = FALSE
	EndGlobalSection
	GlobalSection(ExtensibilityGlobals) = postSolution
		SolutionGuid = {3C91F027-0EE3-477F-ADB1-18D15CB1B265}
	EndGlobalSection
EndGlobal
