
Microsoft Visual Studio Solution File, Format Version 12.00
# Visual Studio 15
VisualStudioVersion = 15.0.28010.2019
MinimumVisualStudioVersion = 10.0.40219.1
Project("{FAE04EC0-301F-11D3-BF4B-00C04F79EFBC}") = "laba10", "laba10\laba10.csproj", "{263D3595-47E1-49F6-9065-1185792561FD}"
EndProject
Global
	GlobalSection(SolutionConfigurationPlatforms) = preSolution
		Debug|Any CPU = Debug|Any CPU
		Release|Any CPU = Release|Any CPU
	EndGlobalSection
	GlobalSection(ProjectConfigurationPlatforms) = postSolution
		{263D3595-47E1-49F6-9065-1185792561FD}.Debug|Any CPU.ActiveCfg = Debug|Any CPU
		{263D3595-47E1-49F6-9065-1185792561FD}.Debug|Any CPU.Build.0 = Debug|Any CPU
		{263D3595-47E1-49F6-9065-1185792561FD}.Release|Any CPU.ActiveCfg = Release|Any CPU
		{263D3595-47E1-49F6-9065-1185792561FD}.Release|Any CPU.Build.0 = Release|Any CPU
	EndGlobalSection
	GlobalSection(SolutionProperties) = preSolution
		HideSolutionNode = FALSE
	EndGlobalSection
	GlobalSection(ExtensibilityGlobals) = postSolution
		SolutionGuid = {E98050DD-50A1-4E0D-A596-83F05D36ED98}
	EndGlobalSection
EndGlobal
