
Microsoft Visual Studio Solution File, Format Version 12.00
# Visual Studio 15
VisualStudioVersion = 15.0.28010.2019
MinimumVisualStudioVersion = 10.0.40219.1
Project("{FAE04EC0-301F-11D3-BF4B-00C04F79EFBC}") = "laba 8", "laba 8\laba 8.csproj", "{36584A9E-7723-452F-93E8-EEDA217B3877}"
EndProject
Global
	GlobalSection(SolutionConfigurationPlatforms) = preSolution
		Debug|Any CPU = Debug|Any CPU
		Release|Any CPU = Release|Any CPU
	EndGlobalSection
	GlobalSection(ProjectConfigurationPlatforms) = postSolution
		{36584A9E-7723-452F-93E8-EEDA217B3877}.Debug|Any CPU.ActiveCfg = Debug|Any CPU
		{36584A9E-7723-452F-93E8-EEDA217B3877}.Debug|Any CPU.Build.0 = Debug|Any CPU
		{36584A9E-7723-452F-93E8-EEDA217B3877}.Release|Any CPU.ActiveCfg = Release|Any CPU
		{36584A9E-7723-452F-93E8-EEDA217B3877}.Release|Any CPU.Build.0 = Release|Any CPU
	EndGlobalSection
	GlobalSection(SolutionProperties) = preSolution
		HideSolutionNode = FALSE
	EndGlobalSection
	GlobalSection(ExtensibilityGlobals) = postSolution
		SolutionGuid = {9CDF9682-8FE1-4E37-A6E5-6881C84E68BA}
	EndGlobalSection
EndGlobal
