
Microsoft Visual Studio Solution File, Format Version 12.00
# Visual Studio 15
VisualStudioVersion = 15.0.28010.2019
MinimumVisualStudioVersion = 10.0.40219.1
Project("{FAE04EC0-301F-11D3-BF4B-00C04F79EFBC}") = "lab 4", "lab 4\lab 4.csproj", "{E8250472-E8E6-4E76-8763-2A9B0E9C9676}"
EndProject
Global
	GlobalSection(SolutionConfigurationPlatforms) = preSolution
		Debug|Any CPU = Debug|Any CPU
		Release|Any CPU = Release|Any CPU
	EndGlobalSection
	GlobalSection(ProjectConfigurationPlatforms) = postSolution
		{E8250472-E8E6-4E76-8763-2A9B0E9C9676}.Debug|Any CPU.ActiveCfg = Debug|Any CPU
		{E8250472-E8E6-4E76-8763-2A9B0E9C9676}.Debug|Any CPU.Build.0 = Debug|Any CPU
		{E8250472-E8E6-4E76-8763-2A9B0E9C9676}.Release|Any CPU.ActiveCfg = Release|Any CPU
		{E8250472-E8E6-4E76-8763-2A9B0E9C9676}.Release|Any CPU.Build.0 = Release|Any CPU
	EndGlobalSection
	GlobalSection(SolutionProperties) = preSolution
		HideSolutionNode = FALSE
	EndGlobalSection
	GlobalSection(ExtensibilityGlobals) = postSolution
		SolutionGuid = {905D41BA-1FAC-4D09-8A37-E631B2BE2442}
	EndGlobalSection
EndGlobal
