
Microsoft Visual Studio Solution File, Format Version 12.00
# Visual Studio 15
VisualStudioVersion = 15.0.28010.2019
MinimumVisualStudioVersion = 10.0.40219.1
Project("{FAE04EC0-301F-11D3-BF4B-00C04F79EFBC}") = "laba15", "laba15\laba15.csproj", "{7E846F50-56E2-4E69-A85C-B9B57AF912EC}"
EndProject
Global
	GlobalSection(SolutionConfigurationPlatforms) = preSolution
		Debug|Any CPU = Debug|Any CPU
		Release|Any CPU = Release|Any CPU
	EndGlobalSection
	GlobalSection(ProjectConfigurationPlatforms) = postSolution
		{7E846F50-56E2-4E69-A85C-B9B57AF912EC}.Debug|Any CPU.ActiveCfg = Debug|Any CPU
		{7E846F50-56E2-4E69-A85C-B9B57AF912EC}.Debug|Any CPU.Build.0 = Debug|Any CPU
		{7E846F50-56E2-4E69-A85C-B9B57AF912EC}.Release|Any CPU.ActiveCfg = Release|Any CPU
		{7E846F50-56E2-4E69-A85C-B9B57AF912EC}.Release|Any CPU.Build.0 = Release|Any CPU
	EndGlobalSection
	GlobalSection(SolutionProperties) = preSolution
		HideSolutionNode = FALSE
	EndGlobalSection
	GlobalSection(ExtensibilityGlobals) = postSolution
		SolutionGuid = {CFA05957-FC6D-4174-9368-680623D6D400}
	EndGlobalSection
EndGlobal
