
Microsoft Visual Studio Solution File, Format Version 12.00
# Visual Studio 15
VisualStudioVersion = 15.0.28010.2019
MinimumVisualStudioVersion = 10.0.40219.1
Project("{FAE04EC0-301F-11D3-BF4B-00C04F79EFBC}") = "laba12", "laba12\laba12.csproj", "{8DAE26BB-4C8A-4C42-B5D8-C697844DB53E}"
EndProject
Global
	GlobalSection(SolutionConfigurationPlatforms) = preSolution
		Debug|Any CPU = Debug|Any CPU
		Release|Any CPU = Release|Any CPU
	EndGlobalSection
	GlobalSection(ProjectConfigurationPlatforms) = postSolution
		{8DAE26BB-4C8A-4C42-B5D8-C697844DB53E}.Debug|Any CPU.ActiveCfg = Debug|Any CPU
		{8DAE26BB-4C8A-4C42-B5D8-C697844DB53E}.Debug|Any CPU.Build.0 = Debug|Any CPU
		{8DAE26BB-4C8A-4C42-B5D8-C697844DB53E}.Release|Any CPU.ActiveCfg = Release|Any CPU
		{8DAE26BB-4C8A-4C42-B5D8-C697844DB53E}.Release|Any CPU.Build.0 = Release|Any CPU
	EndGlobalSection
	GlobalSection(SolutionProperties) = preSolution
		HideSolutionNode = FALSE
	EndGlobalSection
	GlobalSection(ExtensibilityGlobals) = postSolution
		SolutionGuid = {B4C86787-8D70-49C5-B592-1E3A3AC88382}
	EndGlobalSection
EndGlobal
